// !$*UTF8*$!
{
	archiveVersion = 1;
	classes = {
	};
	objectVersion = 55;
	objects = {

/* Begin PBXBuildFile section */
		159BC64F271B0F9000867534 /* Tests_iOS.swift in Sources */ = {isa = PBXBuildFile; fileRef = 159BC64E271B0F9000867534 /* Tests_iOS.swift */; };
		159BC651271B0F9000867534 /* Tests_iOSLaunchTests.swift in Sources */ = {isa = PBXBuildFile; fileRef = 159BC650271B0F9000867534 /* Tests_iOSLaunchTests.swift */; };
		159BC65B271B0F9000867534 /* Tests_macOS.swift in Sources */ = {isa = PBXBuildFile; fileRef = 159BC65A271B0F9000867534 /* Tests_macOS.swift */; };
		159BC65D271B0F9000867534 /* Tests_macOSLaunchTests.swift in Sources */ = {isa = PBXBuildFile; fileRef = 159BC65C271B0F9000867534 /* Tests_macOSLaunchTests.swift */; };
		159BC65E271B0F9000867534 /* AppPracticeApp.swift in Sources */ = {isa = PBXBuildFile; fileRef = 159BC636271B0F8D00867534 /* AppPracticeApp.swift */; };
		159BC65F271B0F9000867534 /* AppPracticeApp.swift in Sources */ = {isa = PBXBuildFile; fileRef = 159BC636271B0F8D00867534 /* AppPracticeApp.swift */; };
		159BC660271B0F9000867534 /* ContentView.swift in Sources */ = {isa = PBXBuildFile; fileRef = 159BC637271B0F8D00867534 /* ContentView.swift */; };
		159BC661271B0F9000867534 /* ContentView.swift in Sources */ = {isa = PBXBuildFile; fileRef = 159BC637271B0F8D00867534 /* ContentView.swift */; };
		159BC662271B0F9000867534 /* Assets.xcassets in Resources */ = {isa = PBXBuildFile; fileRef = 159BC638271B0F9000867534 /* Assets.xcassets */; };
		159BC663271B0F9000867534 /* Assets.xcassets in Resources */ = {isa = PBXBuildFile; fileRef = 159BC638271B0F9000867534 /* Assets.xcassets */; };
/* End PBXBuildFile section */

/* Begin PBXContainerItemProxy section */
		159BC64B271B0F9000867534 /* PBXContainerItemProxy */ = {
			isa = PBXContainerItemProxy;
			containerPortal = 159BC631271B0F8D00867534 /* Project object */;
			proxyType = 1;
			remoteGlobalIDString = 159BC63C271B0F9000867534;
			remoteInfo = "AppPractice (iOS)";
		};
		159BC657271B0F9000867534 /* PBXContainerItemProxy */ = {
			isa = PBXContainerItemProxy;
			containerPortal = 159BC631271B0F8D00867534 /* Project object */;
			proxyType = 1;
			remoteGlobalIDString = 159BC642271B0F9000867534;
			remoteInfo = "AppPractice (macOS)";
		};
/* End PBXContainerItemProxy section */

/* Begin PBXFileReference section */
		159BC636271B0F8D00867534 /* AppPracticeApp.swift */ = {isa = PBXFileReference; lastKnownFileType = sourcecode.swift; path = AppPracticeApp.swift; sourceTree = "<group>"; };
		159BC637271B0F8D00867534 /* ContentView.swift */ = {isa = PBXFileReference; lastKnownFileType = sourcecode.swift; path = ContentView.swift; sourceTree = "<group>"; };
		159BC638271B0F9000867534 /* Assets.xcassets */ = {isa = PBXFileReference; lastKnownFileType = folder.assetcatalog; path = Assets.xcassets; sourceTree = "<group>"; };
		159BC63D271B0F9000867534 /* AppPractice.app */ = {isa = PBXFileReference; explicitFileType = wrapper.application; includeInIndex = 0; path = AppPractice.app; sourceTree = BUILT_PRODUCTS_DIR; };
		159BC643271B0F9000867534 /* AppPractice.app */ = {isa = PBXFileReference; explicitFileType = wrapper.application; includeInIndex = 0; path = AppPractice.app; sourceTree = BUILT_PRODUCTS_DIR; };
		159BC645271B0F9000867534 /* macOS.entitlements */ = {isa = PBXFileReference; lastKnownFileType = text.plist.entitlements; path = macOS.entitlements; sourceTree = "<group>"; };
		159BC64A271B0F9000867534 /* Tests iOS.xctest */ = {isa = PBXFileReference; explicitFileType = wrapper.cfbundle; includeInIndex = 0; path = "Tests iOS.xctest"; sourceTree = BUILT_PRODUCTS_DIR; };
		159BC64E271B0F9000867534 /* Tests_iOS.swift */ = {isa = PBXFileReference; lastKnownFileType = sourcecode.swift; path = Tests_iOS.swift; sourceTree = "<group>"; };
		159BC650271B0F9000867534 /* Tests_iOSLaunchTests.swift */ = {isa = PBXFileReference; lastKnownFileType = sourcecode.swift; path = Tests_iOSLaunchTests.swift; sourceTree = "<group>"; };
		159BC656271B0F9000867534 /* Tests macOS.xctest */ = {isa = PBXFileReference; explicitFileType = wrapper.cfbundle; includeInIndex = 0; path = "Tests macOS.xctest"; sourceTree = BUILT_PRODUCTS_DIR; };
		159BC65A271B0F9000867534 /* Tests_macOS.swift */ = {isa = PBXFileReference; lastKnownFileType = sourcecode.swift; path = Tests_macOS.swift; sourceTree = "<group>"; };
		159BC65C271B0F9000867534 /* Tests_macOSLaunchTests.swift */ = {isa = PBXFileReference; lastKnownFileType = sourcecode.swift; path = Tests_macOSLaunchTests.swift; sourceTree = "<group>"; };
/* End PBXFileReference section */

/* Begin PBXFrameworksBuildPhase section */
		159BC63A271B0F9000867534 /* Frameworks */ = {
			isa = PBXFrameworksBuildPhase;
			buildActionMask = 2147483647;
			files = (
			);
			runOnlyForDeploymentPostprocessing = 0;
		};
		159BC640271B0F9000867534 /* Frameworks */ = {
			isa = PBXFrameworksBuildPhase;
			buildActionMask = 2147483647;
			files = (
			);
			runOnlyForDeploymentPostprocessing = 0;
		};
		159BC647271B0F9000867534 /* Frameworks */ = {
			isa = PBXFrameworksBuildPhase;
			buildActionMask = 2147483647;
			files = (
			);
			runOnlyForDeploymentPostprocessing = 0;
		};
		159BC653271B0F9000867534 /* Frameworks */ = {
			isa = PBXFrameworksBuildPhase;
			buildActionMask = 2147483647;
			files = (
			);
			runOnlyForDeploymentPostprocessing = 0;
		};
/* End PBXFrameworksBuildPhase section */

/* Begin PBXGroup section */
		159BC630271B0F8D00867534 = {
			isa = PBXGroup;
			children = (
				159BC635271B0F8D00867534 /* Shared */,
				159BC644271B0F9000867534 /* macOS */,
				159BC64D271B0F9000867534 /* Tests iOS */,
				159BC659271B0F9000867534 /* Tests macOS */,
				159BC63E271B0F9000867534 /* Products */,
			);
			sourceTree = "<group>";
		};
		159BC635271B0F8D00867534 /* Shared */ = {
			isa = PBXGroup;
			children = (
				159BC636271B0F8D00867534 /* AppPracticeApp.swift */,
				159BC637271B0F8D00867534 /* ContentView.swift */,
				159BC638271B0F9000867534 /* Assets.xcassets */,
			);
			path = Shared;
			sourceTree = "<group>";
		};
		159BC63E271B0F9000867534 /* Products */ = {
			isa = PBXGroup;
			children = (
				159BC63D271B0F9000867534 /* AppPractice.app */,
				159BC643271B0F9000867534 /* AppPractice.app */,
				159BC64A271B0F9000867534 /* Tests iOS.xctest */,
				159BC656271B0F9000867534 /* Tests macOS.xctest */,
			);
			name = Products;
			sourceTree = "<group>";
		};
		159BC644271B0F9000867534 /* macOS */ = {
			isa = PBXGroup;
			children = (
				159BC645271B0F9000867534 /* macOS.entitlements */,
			);
			path = macOS;
			sourceTree = "<group>";
		};
		159BC64D271B0F9000867534 /* Tests iOS */ = {
			isa = PBXGroup;
			children = (
				159BC64E271B0F9000867534 /* Tests_iOS.swift */,
				159BC650271B0F9000867534 /* Tests_iOSLaunchTests.swift */,
			);
			path = "Tests iOS";
			sourceTree = "<group>";
		};
		159BC659271B0F9000867534 /* Tests macOS */ = {
			isa = PBXGroup;
			children = (
				159BC65A271B0F9000867534 /* Tests_macOS.swift */,
				159BC65C271B0F9000867534 /* Tests_macOSLaunchTests.swift */,
			);
			path = "Tests macOS";
			sourceTree = "<group>";
		};
/* End PBXGroup section */

/* Begin PBXNativeTarget section */
		159BC63C271B0F9000867534 /* AppPractice (iOS) */ = {
			isa = PBXNativeTarget;
			buildConfigurationList = 159BC666271B0F9000867534 /* Build configuration list for PBXNativeTarget "AppPractice (iOS)" */;
			buildPhases = (
				159BC639271B0F9000867534 /* Sources */,
				159BC63A271B0F9000867534 /* Frameworks */,
				159BC63B271B0F9000867534 /* Resources */,
			);
			buildRules = (
			);
			dependencies = (
			);
			name = "AppPractice (iOS)";
			productName = "AppPractice (iOS)";
			productReference = 159BC63D271B0F9000867534 /* AppPractice.app */;
			productType = "com.apple.product-type.application";
		};
		159BC642271B0F9000867534 /* AppPractice (macOS) */ = {
			isa = PBXNativeTarget;
			buildConfigurationList = 159BC669271B0F9000867534 /* Build configuration list for PBXNativeTarget "AppPractice (macOS)" */;
			buildPhases = (
				159BC63F271B0F9000867534 /* Sources */,
				159BC640271B0F9000867534 /* Frameworks */,
				159BC641271B0F9000867534 /* Resources */,
			);
			buildRules = (
			);
			dependencies = (
			);
			name = "AppPractice (macOS)";
			productName = "AppPractice (macOS)";
			productReference = 159BC643271B0F9000867534 /* AppPractice.app */;
			productType = "com.apple.product-type.application";
		};
		159BC649271B0F9000867534 /* Tests iOS */ = {
			isa = PBXNativeTarget;
			buildConfigurationList = 159BC66C271B0F9000867534 /* Build configuration list for PBXNativeTarget "Tests iOS" */;
			buildPhases = (
				159BC646271B0F9000867534 /* Sources */,
				159BC647271B0F9000867534 /* Frameworks */,
				159BC648271B0F9000867534 /* Resources */,
			);
			buildRules = (
			);
			dependencies = (
				159BC64C271B0F9000867534 /* PBXTargetDependency */,
			);
			name = "Tests iOS";
			productName = "Tests iOS";
			productReference = 159BC64A271B0F9000867534 /* Tests iOS.xctest */;
			productType = "com.apple.product-type.bundle.ui-testing";
		};
		159BC655271B0F9000867534 /* Tests macOS */ = {
			isa = PBXNativeTarget;
			buildConfigurationList = 159BC66F271B0F9000867534 /* Build configuration list for PBXNativeTarget "Tests macOS" */;
			buildPhases = (
				159BC652271B0F9000867534 /* Sources */,
				159BC653271B0F9000867534 /* Frameworks */,
				159BC654271B0F9000867534 /* Resources */,
			);
			buildRules = (
			);
			dependencies = (
				159BC658271B0F9000867534 /* PBXTargetDependency */,
			);
			name = "Tests macOS";
			productName = "Tests macOS";
			productReference = 159BC656271B0F9000867534 /* Tests macOS.xctest */;
			productType = "com.apple.product-type.bundle.ui-testing";
		};
/* End PBXNativeTarget section */

/* Begin PBXProject section */
		159BC631271B0F8D00867534 /* Project object */ = {
			isa = PBXProject;
			attributes = {
				BuildIndependentTargetsInParallel = 1;
				LastSwiftUpdateCheck = 1300;
				LastUpgradeCheck = 1300;
				TargetAttributes = {
					159BC63C271B0F9000867534 = {
						CreatedOnToolsVersion = 13.0;
					};
					159BC642271B0F9000867534 = {
						CreatedOnToolsVersion = 13.0;
					};
					159BC649271B0F9000867534 = {
						CreatedOnToolsVersion = 13.0;
						TestTargetID = 159BC63C271B0F9000867534;
					};
					159BC655271B0F9000867534 = {
						CreatedOnToolsVersion = 13.0;
						TestTargetID = 159BC642271B0F9000867534;
					};
				};
			};
			buildConfigurationList = 159BC634271B0F8D00867534 /* Build configuration list for PBXProject "AppPractice" */;
			compatibilityVersion = "Xcode 13.0";
			developmentRegion = en;
			hasScannedForEncodings = 0;
			knownRegions = (
				en,
				Base,
			);
			mainGroup = 159BC630271B0F8D00867534;
			productRefGroup = 159BC63E271B0F9000867534 /* Products */;
			projectDirPath = "";
			projectRoot = "";
			targets = (
				159BC63C271B0F9000867534 /* AppPractice (iOS) */,
				159BC642271B0F9000867534 /* AppPractice (macOS) */,
				159BC649271B0F9000867534 /* Tests iOS */,
				159BC655271B0F9000867534 /* Tests macOS */,
			);
		};
/* End PBXProject section */

/* Begin PBXResourcesBuildPhase section */
		159BC63B271B0F9000867534 /* Resources */ = {
			isa = PBXResourcesBuildPhase;
			buildActionMask = 2147483647;
			files = (
				159BC662271B0F9000867534 /* Assets.xcassets in Resources */,
			);
			runOnlyForDeploymentPostprocessing = 0;
		};
		159BC641271B0F9000867534 /* Resources */ = {
			isa = PBXResourcesBuildPhase;
			buildActionMask = 2147483647;
			files = (
				159BC663271B0F9000867534 /* Assets.xcassets in Resources */,
			);
			runOnlyForDeploymentPostprocessing = 0;
		};
		159BC648271B0F9000867534 /* Resources */ = {
			isa = PBXResourcesBuildPhase;
			buildActionMask = 2147483647;
			files = (
			);
			runOnlyForDeploymentPostprocessing = 0;
		};
		159BC654271B0F9000867534 /* Resources */ = {
			isa = PBXResourcesBuildPhase;
			buildActionMask = 2147483647;
			files = (
			);
			runOnlyForDeploymentPostprocessing = 0;
		};
/* End PBXResourcesBuildPhase section */

/* Begin PBXSourcesBuildPhase section */
		159BC639271B0F9000867534 /* Sources */ = {
			isa = PBXSourcesBuildPhase;
			buildActionMask = 2147483647;
			files = (
				159BC660271B0F9000867534 /* ContentView.swift in Sources */,
				159BC65E271B0F9000867534 /* AppPracticeApp.swift in Sources */,
			);
			runOnlyForDeploymentPostprocessing = 0;
		};
		159BC63F271B0F9000867534 /* Sources */ = {
			isa = PBXSourcesBuildPhase;
			buildActionMask = 2147483647;
			files = (
				159BC661271B0F9000867534 /* ContentView.swift in Sources */,
				159BC65F271B0F9000867534 /* AppPracticeApp.swift in Sources */,
			);
			runOnlyForDeploymentPostprocessing = 0;
		};
		159BC646271B0F9000867534 /* Sources */ = {
			isa = PBXSourcesBuildPhase;
			buildActionMask = 2147483647;
			files = (
				159BC651271B0F9000867534 /* Tests_iOSLaunchTests.swift in Sources */,
				159BC64F271B0F9000867534 /* Tests_iOS.swift in Sources */,
			);
			runOnlyForDeploymentPostprocessing = 0;
		};
		159BC652271B0F9000867534 /* Sources */ = {
			isa = PBXSourcesBuildPhase;
			buildActionMask = 2147483647;
			files = (
				159BC65D271B0F9000867534 /* Tests_macOSLaunchTests.swift in Sources */,
				159BC65B271B0F9000867534 /* Tests_macOS.swift in Sources */,
			);
			runOnlyForDeploymentPostprocessing = 0;
		};
/* End PBXSourcesBuildPhase section */

/* Begin PBXTargetDependency section */
		159BC64C271B0F9000867534 /* PBXTargetDependency */ = {
			isa = PBXTargetDependency;
			target = 159BC63C271B0F9000867534 /* AppPractice (iOS) */;
			targetProxy = 159BC64B271B0F9000867534 /* PBXContainerItemProxy */;
		};
		159BC658271B0F9000867534 /* PBXTargetDependency */ = {
			isa = PBXTargetDependency;
			target = 159BC642271B0F9000867534 /* AppPractice (macOS) */;
			targetProxy = 159BC657271B0F9000867534 /* PBXContainerItemProxy */;
		};
/* End PBXTargetDependency section */

/* Begin XCBuildConfiguration section */
		159BC664271B0F9000867534 /* Debug */ = {
			isa = XCBuildConfiguration;
			buildSettings = {
				ALWAYS_SEARCH_USER_PATHS = NO;
				CLANG_ANALYZER_NONNULL = YES;
				CLANG_ANALYZER_NUMBER_OBJECT_CONVERSION = YES_AGGRESSIVE;
				CLANG_CXX_LANGUAGE_STANDARD = "gnu++17";
				CLANG_CXX_LIBRARY = "libc++";
				CLANG_ENABLE_MODULES = YES;
				CLANG_ENABLE_OBJC_ARC = YES;
				CLANG_ENABLE_OBJC_WEAK = YES;
				CLANG_WARN_BLOCK_CAPTURE_AUTORELEASING = YES;
				CLANG_WARN_BOOL_CONVERSION = YES;
				CLANG_WARN_COMMA = YES;
				CLANG_WARN_CONSTANT_CONVERSION = YES;
				CLANG_WARN_DEPRECATED_OBJC_IMPLEMENTATIONS = YES;
				CLANG_WARN_DIRECT_OBJC_ISA_USAGE = YES_ERROR;
				CLANG_WARN_DOCUMENTATION_COMMENTS = YES;
				CLANG_WARN_EMPTY_BODY = YES;
				CLANG_WARN_ENUM_CONVERSION = YES;
				CLANG_WARN_INFINITE_RECURSION = YES;
				CLANG_WARN_INT_CONVERSION = YES;
				CLANG_WARN_NON_LITERAL_NULL_CONVERSION = YES;
				CLANG_WARN_OBJC_IMPLICIT_RETAIN_SELF = YES;
				CLANG_WARN_OBJC_LITERAL_CONVERSION = YES;
				CLANG_WARN_OBJC_ROOT_CLASS = YES_ERROR;
				CLANG_WARN_QUOTED_INCLUDE_IN_FRAMEWORK_HEADER = YES;
				CLANG_WARN_RANGE_LOOP_ANALYSIS = YES;
				CLANG_WARN_STRICT_PROTOTYPES = YES;
				CLANG_WARN_SUSPICIOUS_MOVE = YES;
				CLANG_WARN_UNGUARDED_AVAILABILITY = YES_AGGRESSIVE;
				CLANG_WARN_UNREACHABLE_CODE = YES;
				CLANG_WARN__DUPLICATE_METHOD_MATCH = YES;
				COPY_PHASE_STRIP = NO;
				DEBUG_INFORMATION_FORMAT = dwarf;
				ENABLE_STRICT_OBJC_MSGSEND = YES;
				ENABLE_TESTABILITY = YES;
				GCC_C_LANGUAGE_STANDARD = gnu11;
				GCC_DYNAMIC_NO_PIC = NO;
				GCC_NO_COMMON_BLOCKS = YES;
				GCC_OPTIMIZATION_LEVEL = 0;
				GCC_PREPROCESSOR_DEFINITIONS = (
					"DEBUG=1",
					"$(inherited)",
				);
				GCC_WARN_64_TO_32_BIT_CONVERSION = YES;
				GCC_WARN_ABOUT_RETURN_TYPE = YES_ERROR;
				GCC_WARN_UNDECLARED_SELECTOR = YES;
				GCC_WARN_UNINITIALIZED_AUTOS = YES_AGGRESSIVE;
				GCC_WARN_UNUSED_FUNCTION = YES;
				GCC_WARN_UNUSED_VARIABLE = YES;
				MTL_ENABLE_DEBUG_INFO = INCLUDE_SOURCE;
				MTL_FAST_MATH = YES;
				ONLY_ACTIVE_ARCH = YES;
				SWIFT_ACTIVE_COMPILATION_CONDITIONS = DEBUG;
				SWIFT_OPTIMIZATION_LEVEL = "-Onone";
			};
			name = Debug;
		};
		159BC665271B0F9000867534 /* Release */ = {
			isa = XCBuildConfiguration;
			buildSettings = {
				ALWAYS_SEARCH_USER_PATHS = NO;
				CLANG_ANALYZER_NONNULL = YES;
				CLANG_ANALYZER_NUMBER_OBJECT_CONVERSION = YES_AGGRESSIVE;
				CLANG_CXX_LANGUAGE_STANDARD = "gnu++17";
				CLANG_CXX_LIBRARY = "libc++";
				CLANG_ENABLE_MODULES = YES;
				CLANG_ENABLE_OBJC_ARC = YES;
				CLANG_ENABLE_OBJC_WEAK = YES;
				CLANG_WARN_BLOCK_CAPTURE_AUTORELEASING = YES;
				CLANG_WARN_BOOL_CONVERSION = YES;
				CLANG_WARN_COMMA = YES;
				CLANG_WARN_CONSTANT_CONVERSION = YES;
				CLANG_WARN_DEPRECATED_OBJC_IMPLEMENTATIONS = YES;
				CLANG_WARN_DIRECT_OBJC_ISA_USAGE = YES_ERROR;
				CLANG_WARN_DOCUMENTATION_COMMENTS = YES;
				CLANG_WARN_EMPTY_BODY = YES;
				CLANG_WARN_ENUM_CONVERSION = YES;
				CLANG_WARN_INFINITE_RECURSION = YES;
				CLANG_WARN_INT_CONVERSION = YES;
				CLANG_WARN_NON_LITERAL_NULL_CONVERSION = YES;
				CLANG_WARN_OBJC_IMPLICIT_RETAIN_SELF = YES;
				CLANG_WARN_OBJC_LITERAL_CONVERSION = YES;
				CLANG_WARN_OBJC_ROOT_CLASS = YES_ERROR;
				CLANG_WARN_QUOTED_INCLUDE_IN_FRAMEWORK_HEADER = YES;
				CLANG_WARN_RANGE_LOOP_ANALYSIS = YES;
				CLANG_WARN_STRICT_PROTOTYPES = YES;
				CLANG_WARN_SUSPICIOUS_MOVE = YES;
				CLANG_WARN_UNGUARDED_AVAILABILITY = YES_AGGRESSIVE;
				CLANG_WARN_UNREACHABLE_CODE = YES;
				CLANG_WARN__DUPLICATE_METHOD_MATCH = YES;
				COPY_PHASE_STRIP = NO;
				DEBUG_INFORMATION_FORMAT = "dwarf-with-dsym";
				ENABLE_NS_ASSERTIONS = NO;
				ENABLE_STRICT_OBJC_MSGSEND = YES;
				GCC_C_LANGUAGE_STANDARD = gnu11;
				GCC_NO_COMMON_BLOCKS = YES;
				GCC_WARN_64_TO_32_BIT_CONVERSION = YES;
				GCC_WARN_ABOUT_RETURN_TYPE = YES_ERROR;
				GCC_WARN_UNDECLARED_SELECTOR = YES;
				GCC_WARN_UNINITIALIZED_AUTOS = YES_AGGRESSIVE;
				GCC_WARN_UNUSED_FUNCTION = YES;
				GCC_WARN_UNUSED_VARIABLE = YES;
				MTL_ENABLE_DEBUG_INFO = NO;
				MTL_FAST_MATH = YES;
				SWIFT_COMPILATION_MODE = wholemodule;
				SWIFT_OPTIMIZATION_LEVEL = "-O";
			};
			name = Release;
		};
		159BC667271B0F9000867534 /* Debug */ = {
			isa = XCBuildConfiguration;
			buildSettings = {
				ASSETCATALOG_COMPILER_APPICON_NAME = AppIcon;
				ASSETCATALOG_COMPILER_GLOBAL_ACCENT_COLOR_NAME = AccentColor;
				CODE_SIGN_STYLE = Automatic;
				CURRENT_PROJECT_VERSION = 1;
				ENABLE_PREVIEWS = YES;
				GENERATE_INFOPLIST_FILE = YES;
				INFOPLIST_KEY_UIApplicationSceneManifest_Generation = YES;
				INFOPLIST_KEY_UIApplicationSupportsIndirectInputEvents = YES;
				INFOPLIST_KEY_UILaunchScreen_Generation = YES;
				INFOPLIST_KEY_UISupportedInterfaceOrientations = "UIInterfaceOrientationPortrait UIInterfaceOrientationPortraitUpsideDown UIInterfaceOrientationLandscapeLeft UIInterfaceOrientationLandscapeRight";
				INFOPLIST_KEY_UISupportedInterfaceOrientations_iPad = "UIInterfaceOrientationPortrait UIInterfaceOrientationPortraitUpsideDown UIInterfaceOrientationLandscapeLeft UIInterfaceOrientationLandscapeRight";
				INFOPLIST_KEY_UISupportedInterfaceOrientations_iPhone = "UIInterfaceOrientationPortrait UIInterfaceOrientationLandscapeLeft UIInterfaceOrientationLandscapeRight";
				IPHONEOS_DEPLOYMENT_TARGET = 14.0;
				LD_RUNPATH_SEARCH_PATHS = (
					"$(inherited)",
					"@executable_path/Frameworks",
				);
				MARKETING_VERSION = 1.0;
				PRODUCT_BUNDLE_IDENTIFIER = "fitness-with-louise.AppPractice";
				PRODUCT_NAME = AppPractice;
				SDKROOT = iphoneos;
				SWIFT_EMIT_LOC_STRINGS = YES;
				SWIFT_VERSION = 5.0;
				TARGETED_DEVICE_FAMILY = "1,2";
			};
			name = Debug;
		};
		159BC668271B0F9000867534 /* Release */ = {
			isa = XCBuildConfiguration;
			buildSettings = {
				ASSETCATALOG_COMPILER_APPICON_NAME = AppIcon;
				ASSETCATALOG_COMPILER_GLOBAL_ACCENT_COLOR_NAME = AccentColor;
				CODE_SIGN_STYLE = Automatic;
				CURRENT_PROJECT_VERSION = 1;
				ENABLE_PREVIEWS = YES;
				GENERATE_INFOPLIST_FILE = YES;
				INFOPLIST_KEY_UIApplicationSceneManifest_Generation = YES;
				INFOPLIST_KEY_UIApplicationSupportsIndirectInputEvents = YES;
				INFOPLIST_KEY_UILaunchScreen_Generation = YES;
				INFOPLIST_KEY_UISupportedInterfaceOrientations = "UIInterfaceOrientationPortrait UIInterfaceOrientationPortraitUpsideDown UIInterfaceOrientationLandscapeLeft UIInterfaceOrientationLandscapeRight";
				INFOPLIST_KEY_UISupportedInterfaceOrientations_iPad = "UIInterfaceOrientationPortrait UIInterfaceOrientationPortraitUpsideDown UIInterfaceOrientationLandscapeLeft UIInterfaceOrientationLandscapeRight";
				INFOPLIST_KEY_UISupportedInterfaceOrientations_iPhone = "UIInterfaceOrientationPortrait UIInterfaceOrientationLandscapeLeft UIInterfaceOrientationLandscapeRight";
				IPHONEOS_DEPLOYMENT_TARGET = 14.0;
				LD_RUNPATH_SEARCH_PATHS = (
					"$(inherited)",
					"@executable_path/Frameworks",
				);
				MARKETING_VERSION = 1.0;
				PRODUCT_BUNDLE_IDENTIFIER = "fitness-with-louise.AppPractice";
				PRODUCT_NAME = AppPractice;
				SDKROOT = iphoneos;
				SWIFT_EMIT_LOC_STRINGS = YES;
				SWIFT_VERSION = 5.0;
				TARGETED_DEVICE_FAMILY = "1,2";
				VALIDATE_PRODUCT = YES;
			};
			name = Release;
		};
		159BC66A271B0F9000867534 /* Debug */ = {
			isa = XCBuildConfiguration;
			buildSettings = {
				ASSETCATALOG_COMPILER_APPICON_NAME = AppIcon;
				ASSETCATALOG_COMPILER_GLOBAL_ACCENT_COLOR_NAME = AccentColor;
				CODE_SIGN_ENTITLEMENTS = macOS/macOS.entitlements;
				CODE_SIGN_STYLE = Automatic;
				COMBINE_HIDPI_IMAGES = YES;
				CURRENT_PROJECT_VERSION = 1;
				ENABLE_PREVIEWS = YES;
				GENERATE_INFOPLIST_FILE = YES;
				INFOPLIST_KEY_NSHumanReadableCopyright = "";
				LD_RUNPATH_SEARCH_PATHS = (
					"$(inherited)",
					"@executable_path/../Frameworks",
				);
				MACOSX_DEPLOYMENT_TARGET = 11.0;
				MARKETING_VERSION = 1.0;
				PRODUCT_BUNDLE_IDENTIFIER = "fitness-with-louise.AppPractice";
				PRODUCT_NAME = AppPractice;
				SDKROOT = macosx;
				SWIFT_EMIT_LOC_STRINGS = YES;
				SWIFT_VERSION = 5.0;
			};
			name = Debug;
		};
		159BC66B271B0F9000867534 /* Release */ = {
			isa = XCBuildConfiguration;
			buildSettings = {
				ASSETCATALOG_COMPILER_APPICON_NAME = AppIcon;
				ASSETCATALOG_COMPILER_GLOBAL_ACCENT_COLOR_NAME = AccentColor;
				CODE_SIGN_ENTITLEMENTS = macOS/macOS.entitlements;
				CODE_SIGN_STYLE = Automatic;
				COMBINE_HIDPI_IMAGES = YES;
				CURRENT_PROJECT_VERSION = 1;
				ENABLE_PREVIEWS = YES;
				GENERATE_INFOPLIST_FILE = YES;
				INFOPLIST_KEY_NSHumanReadableCopyright = "";
				LD_RUNPATH_SEARCH_PATHS = (
					"$(inherited)",
					"@executable_path/../Frameworks",
				);
				MACOSX_DEPLOYMENT_TARGET = 11.0;
				MARKETING_VERSION = 1.0;
				PRODUCT_BUNDLE_IDENTIFIER = "fitness-with-louise.AppPractice";
				PRODUCT_NAME = AppPractice;
				SDKROOT = macosx;
				SWIFT_EMIT_LOC_STRINGS = YES;
				SWIFT_VERSION = 5.0;
			};
			name = Release;
		};
		159BC66D271B0F9000867534 /* Debug */ = {
			isa = XCBuildConfiguration;
			buildSettings = {
				ALWAYS_EMBED_SWIFT_STANDARD_LIBRARIES = YES;
				CODE_SIGN_STYLE = Automatic;
				CURRENT_PROJECT_VERSION = 1;
				GENERATE_INFOPLIST_FILE = YES;
				IPHONEOS_DEPLOYMENT_TARGET = 15.0;
				LD_RUNPATH_SEARCH_PATHS = (
					"$(inherited)",
					"@executable_path/Frameworks",
					"@loader_path/Frameworks",
				);
				MARKETING_VERSION = 1.0;
				PRODUCT_BUNDLE_IDENTIFIER = "fitness-with-louise.Tests-iOS";
				PRODUCT_NAME = "$(TARGET_NAME)";
				SDKROOT = iphoneos;
				SWIFT_EMIT_LOC_STRINGS = NO;
				SWIFT_VERSION = 5.0;
				TARGETED_DEVICE_FAMILY = "1,2";
				TEST_TARGET_NAME = "AppPractice (iOS)";
			};
			name = Debug;
		};
		159BC66E271B0F9000867534 /* Release */ = {
			isa = XCBuildConfiguration;
			buildSettings = {
				ALWAYS_EMBED_SWIFT_STANDARD_LIBRARIES = YES;
				CODE_SIGN_STYLE = Automatic;
				CURRENT_PROJECT_VERSION = 1;
				GENERATE_INFOPLIST_FILE = YES;
				IPHONEOS_DEPLOYMENT_TARGET = 15.0;
				LD_RUNPATH_SEARCH_PATHS = (
					"$(inherited)",
					"@executable_path/Frameworks",
					"@loader_path/Frameworks",
				);
				MARKETING_VERSION = 1.0;
				PRODUCT_BUNDLE_IDENTIFIER = "fitness-with-louise.Tests-iOS";
				PRODUCT_NAME = "$(TARGET_NAME)";
				SDKROOT = iphoneos;
				SWIFT_EMIT_LOC_STRINGS = NO;
				SWIFT_VERSION = 5.0;
				TARGETED_DEVICE_FAMILY = "1,2";
				TEST_TARGET_NAME = "AppPractice (iOS)";
				VALIDATE_PRODUCT = YES;
			};
			name = Release;
		};
		159BC670271B0F9000867534 /* Debug */ = {
			isa = XCBuildConfiguration;
			buildSettings = {
				ALWAYS_EMBED_SWIFT_STANDARD_LIBRARIES = YES;
				CODE_SIGN_STYLE = Automatic;
				COMBINE_HIDPI_IMAGES = YES;
				CURRENT_PROJECT_VERSION = 1;
				GENERATE_INFOPLIST_FILE = YES;
				LD_RUNPATH_SEARCH_PATHS = (
					"$(inherited)",
					"@executable_path/../Frameworks",
					"@loader_path/../Frameworks",
				);
				MACOSX_DEPLOYMENT_TARGET = 11.3;
				MARKETING_VERSION = 1.0;
				PRODUCT_BUNDLE_IDENTIFIER = "fitness-with-louise.Tests-macOS";
				PRODUCT_NAME = "$(TARGET_NAME)";
				SDKROOT = macosx;
				SWIFT_EMIT_LOC_STRINGS = NO;
				SWIFT_VERSION = 5.0;
				TEST_TARGET_NAME = "AppPractice (macOS)";
			};
			name = Debug;
		};
		159BC671271B0F9000867534 /* Release */ = {
			isa = XCBuildConfiguration;
			buildSettings = {
				ALWAYS_EMBED_SWIFT_STANDARD_LIBRARIES = YES;
				CODE_SIGN_STYLE = Automatic;
				COMBINE_HIDPI_IMAGES = YES;
				CURRENT_PROJECT_VERSION = 1;
				GENERATE_INFOPLIST_FILE = YES;
				LD_RUNPATH_SEARCH_PATHS = (
					"$(inherited)",
					"@executable_path/../Frameworks",
					"@loader_path/../Frameworks",
				);
				MACOSX_DEPLOYMENT_TARGET = 11.3;
				MARKETING_VERSION = 1.0;
				PRODUCT_BUNDLE_IDENTIFIER = "fitness-with-louise.Tests-macOS";
				PRODUCT_NAME = "$(TARGET_NAME)";
				SDKROOT = macosx;
				SWIFT_EMIT_LOC_STRINGS = NO;
				SWIFT_VERSION = 5.0;
				TEST_TARGET_NAME = "AppPractice (macOS)";
			};
			name = Release;
		};
/* End XCBuildConfiguration section */

/* Begin XCConfigurationList section */
		159BC634271B0F8D00867534 /* Build configuration list for PBXProject "AppPractice" */ = {
			isa = XCConfigurationList;
			buildConfigurations = (
				159BC664271B0F9000867534 /* Debug */,
				159BC665271B0F9000867534 /* Release */,
			);
			defaultConfigurationIsVisible = 0;
			defaultConfigurationName = Release;
		};
		159BC666271B0F9000867534 /* Build configuration list for PBXNativeTarget "AppPractice (iOS)" */ = {
			isa = XCConfigurationList;
			buildConfigurations = (
				159BC667271B0F9000867534 /* Debug */,
				159BC668271B0F9000867534 /* Release */,
			);
			defaultConfigurationIsVisible = 0;
			defaultConfigurationName = Release;
		};
		159BC669271B0F9000867534 /* Build configuration list for PBXNativeTarget "AppPractice (macOS)" */ = {
			isa = XCConfigurationList;
			buildConfigurations = (
				159BC66A271B0F9000867534 /* Debug */,
				159BC66B271B0F9000867534 /* Release */,
			);
			defaultConfigurationIsVisible = 0;
			defaultConfigurationName = Release;
		};
		159BC66C271B0F9000867534 /* Build configuration list for PBXNativeTarget "Tests iOS" */ = {
			isa = XCConfigurationList;
			buildConfigurations = (
				159BC66D271B0F9000867534 /* Debug */,
				159BC66E271B0F9000867534 /* Release */,
			);
			defaultConfigurationIsVisible = 0;
			defaultConfigurationName = Release;
		};
		159BC66F271B0F9000867534 /* Build configuration list for PBXNativeTarget "Tests macOS" */ = {
			isa = XCConfigurationList;
			buildConfigurations = (
				159BC670271B0F9000867534 /* Debug */,
				159BC671271B0F9000867534 /* Release */,
			);
			defaultConfigurationIsVisible = 0;
			defaultConfigurationName = Release;
		};
/* End XCConfigurationList section */
	};
	rootObject = 159BC631271B0F8D00867534 /* Project object */;
}
